
Microsoft Visual Studio Solution File, Format Version 12.00
# Visual Studio Version 17
VisualStudioVersion = 17.11.35327.3
MinimumVisualStudioVersion = 10.0.40219.1
Project("{FAE04EC0-301F-11D3-BF4B-00C04F79EFBC}") = "01_DersProjesi", "01_DersProjesi\01_DersProjesi.csproj", "{982FCF9C-8576-4B67-9873-B44AEE0C049E}"
EndProject
Global
	GlobalSection(SolutionConfigurationPlatforms) = preSolution
		Debug|Any CPU = Debug|Any CPU
		Release|Any CPU = Release|Any CPU
	EndGlobalSection
	GlobalSection(ProjectConfigurationPlatforms) = postSolution
		{982FCF9C-8576-4B67-9873-B44AEE0C049E}.Debug|Any CPU.ActiveCfg = Debug|Any CPU
		{982FCF9C-8576-4B67-9873-B44AEE0C049E}.Debug|Any CPU.Build.0 = Debug|Any CPU
		{982FCF9C-8576-4B67-9873-B44AEE0C049E}.Release|Any CPU.ActiveCfg = Release|Any CPU
		{982FCF9C-8576-4B67-9873-B44AEE0C049E}.Release|Any CPU.Build.0 = Release|Any CPU
	EndGlobalSection
	GlobalSection(SolutionProperties) = preSolution
		HideSolutionNode = FALSE
	EndGlobalSection
	GlobalSection(ExtensibilityGlobals) = postSolution
		SolutionGuid = {0365713B-5068-4D70-87C7-399E631990C3}
	EndGlobalSection
EndGlobal
